
Microsoft Visual Studio Solution File, Format Version 12.00
Project("{FAE04EC0-301F-11D3-BF4B-00C04F79EFBC}") = "TalkLikeTv.EntityModels", "TalkLikeTv.EntityModels\TalkLikeTv.EntityModels.csproj", "{5A5400E3-73CB-4B68-B162-6A6E8A491BE3}"
EndProject
Project("{FAE04EC0-301F-11D3-BF4B-00C04F79EFBC}") = "TalkLikeTv.UnitTests", "TalkLikeTv.UnitTests\TalkLikeTv.UnitTests.csproj", "{73C33D11-5428-4BE6-8135-F1AF12F70099}"
EndProject
Project("{FAE04EC0-301F-11D3-BF4B-00C04F79EFBC}") = "TalkLikeTv.Mvc", "TalkLikeTv.Mvc\TalkLikeTv.Mvc.csproj", "{E24EB3AA-EE99-4453-A474-6EDA76EAC62E}"
EndProject
Project("{FAE04EC0-301F-11D3-BF4B-00C04F79EFBC}") = "TalkLikeTv.Scripts", "TalkLikeTv.Scripts\TalkLikeTv.Scripts.csproj", "{C66883CA-E626-4163-B4F6-228FAE45CE7D}"
EndProject
Project("{FAE04EC0-301F-11D3-BF4B-00C04F79EFBC}") = "TalkLikeTv.Services", "TalkLikeTv.Services\TalkLikeTv.Services.csproj", "{38C1D455-9706-4E65-9761-2C1F395F3DF8}"
EndProject
Project("{FAE04EC0-301F-11D3-BF4B-00C04F79EFBC}") = "TalkLikeTv.Utilities", "TalkLikeTv.Utilities\TalkLikeTv.Utilities.csproj", "{8D0A95A3-D9FA-4270-AD9E-4001A1E75483}"
EndProject
Project("{FAE04EC0-301F-11D3-BF4B-00C04F79EFBC}") = "TalkLikeTv.Repositories", "TalkLikeTv.Repositories\TalkLikeTv.Repositories.csproj", "{A8E8EDCB-991E-4F78-B7FF-6DBC77AF2E8F}"
EndProject
Project("{FAE04EC0-301F-11D3-BF4B-00C04F79EFBC}") = "TalkLikeTv.WebUITests", "TalkLikeTv.WebUITests\TalkLikeTv.WebUITests.csproj", "{32744DF7-8AF9-4006-A490-5099C35518D0}"
EndProject
Project("{FAE04EC0-301F-11D3-BF4B-00C04F79EFBC}") = "TalkLikeTv.AppHost", "TalkLikeTv.AppHost\TalkLikeTv.AppHost.csproj", "{1C46B176-681F-4792-8850-1E088CA6D836}"
EndProject
Project("{FAE04EC0-301F-11D3-BF4B-00C04F79EFBC}") = "TalkLikeTv.ServiceDefaults", "TalkLikeTv.ServiceDefaults\TalkLikeTv.ServiceDefaults.csproj", "{69E278A2-FCCE-47C1-8E57-325C802F64EB}"
EndProject
Project("{FAE04EC0-301F-11D3-BF4B-00C04F79EFBC}") = "TalkLikeTv.WebApi", "TalkLikeTv.WebApi\TalkLikeTv.WebApi.csproj", "{D9D78C49-C805-418C-BE7B-5D6A55ABB5C6}"
EndProject
Project("{FAE04EC0-301F-11D3-BF4B-00C04F79EFBC}") = "TalkLikeTv.ApiClient", "TalkLikeTv.ApiClient\TalkLikeTv.ApiClient.csproj", "{B828D7EB-7A24-4CA7-8DFF-6774891B5BC5}"
EndProject
Global
	GlobalSection(SolutionConfigurationPlatforms) = preSolution
		Debug|Any CPU = Debug|Any CPU
		Debug|x64 = Debug|x64
		Debug|x86 = Debug|x86
		Release|Any CPU = Release|Any CPU
		Release|x64 = Release|x64
		Release|x86 = Release|x86
	EndGlobalSection
	GlobalSection(ProjectConfigurationPlatforms) = postSolution
		{5A5400E3-73CB-4B68-B162-6A6E8A491BE3}.Debug|Any CPU.ActiveCfg = Debug|Any CPU
		{5A5400E3-73CB-4B68-B162-6A6E8A491BE3}.Debug|Any CPU.Build.0 = Debug|Any CPU
		{5A5400E3-73CB-4B68-B162-6A6E8A491BE3}.Debug|x64.ActiveCfg = Debug|Any CPU
		{5A5400E3-73CB-4B68-B162-6A6E8A491BE3}.Debug|x64.Build.0 = Debug|Any CPU
		{5A5400E3-73CB-4B68-B162-6A6E8A491BE3}.Debug|x86.ActiveCfg = Debug|Any CPU
		{5A5400E3-73CB-4B68-B162-6A6E8A491BE3}.Debug|x86.Build.0 = Debug|Any CPU
		{5A5400E3-73CB-4B68-B162-6A6E8A491BE3}.Release|Any CPU.ActiveCfg = Release|Any CPU
		{5A5400E3-73CB-4B68-B162-6A6E8A491BE3}.Release|Any CPU.Build.0 = Release|Any CPU
		{5A5400E3-73CB-4B68-B162-6A6E8A491BE3}.Release|x64.ActiveCfg = Release|Any CPU
		{5A5400E3-73CB-4B68-B162-6A6E8A491BE3}.Release|x64.Build.0 = Release|Any CPU
		{5A5400E3-73CB-4B68-B162-6A6E8A491BE3}.Release|x86.ActiveCfg = Release|Any CPU
		{5A5400E3-73CB-4B68-B162-6A6E8A491BE3}.Release|x86.Build.0 = Release|Any CPU
		{73C33D11-5428-4BE6-8135-F1AF12F70099}.Debug|Any CPU.ActiveCfg = Debug|Any CPU
		{73C33D11-5428-4BE6-8135-F1AF12F70099}.Debug|Any CPU.Build.0 = Debug|Any CPU
		{73C33D11-5428-4BE6-8135-F1AF12F70099}.Debug|x64.ActiveCfg = Debug|Any CPU
		{73C33D11-5428-4BE6-8135-F1AF12F70099}.Debug|x64.Build.0 = Debug|Any CPU
		{73C33D11-5428-4BE6-8135-F1AF12F70099}.Debug|x86.ActiveCfg = Debug|Any CPU
		{73C33D11-5428-4BE6-8135-F1AF12F70099}.Debug|x86.Build.0 = Debug|Any CPU
		{73C33D11-5428-4BE6-8135-F1AF12F70099}.Release|Any CPU.ActiveCfg = Release|Any CPU
		{73C33D11-5428-4BE6-8135-F1AF12F70099}.Release|Any CPU.Build.0 = Release|Any CPU
		{73C33D11-5428-4BE6-8135-F1AF12F70099}.Release|x64.ActiveCfg = Release|Any CPU
		{73C33D11-5428-4BE6-8135-F1AF12F70099}.Release|x64.Build.0 = Release|Any CPU
		{73C33D11-5428-4BE6-8135-F1AF12F70099}.Release|x86.ActiveCfg = Release|Any CPU
		{73C33D11-5428-4BE6-8135-F1AF12F70099}.Release|x86.Build.0 = Release|Any CPU
		{E24EB3AA-EE99-4453-A474-6EDA76EAC62E}.Debug|Any CPU.ActiveCfg = Debug|Any CPU
		{E24EB3AA-EE99-4453-A474-6EDA76EAC62E}.Debug|Any CPU.Build.0 = Debug|Any CPU
		{E24EB3AA-EE99-4453-A474-6EDA76EAC62E}.Debug|x64.ActiveCfg = Debug|Any CPU
		{E24EB3AA-EE99-4453-A474-6EDA76EAC62E}.Debug|x64.Build.0 = Debug|Any CPU
		{E24EB3AA-EE99-4453-A474-6EDA76EAC62E}.Debug|x86.ActiveCfg = Debug|Any CPU
		{E24EB3AA-EE99-4453-A474-6EDA76EAC62E}.Debug|x86.Build.0 = Debug|Any CPU
		{E24EB3AA-EE99-4453-A474-6EDA76EAC62E}.Release|Any CPU.ActiveCfg = Release|Any CPU
		{E24EB3AA-EE99-4453-A474-6EDA76EAC62E}.Release|Any CPU.Build.0 = Release|Any CPU
		{E24EB3AA-EE99-4453-A474-6EDA76EAC62E}.Release|x64.ActiveCfg = Release|Any CPU
		{E24EB3AA-EE99-4453-A474-6EDA76EAC62E}.Release|x64.Build.0 = Release|Any CPU
		{E24EB3AA-EE99-4453-A474-6EDA76EAC62E}.Release|x86.ActiveCfg = Release|Any CPU
		{E24EB3AA-EE99-4453-A474-6EDA76EAC62E}.Release|x86.Build.0 = Release|Any CPU
		{C66883CA-E626-4163-B4F6-228FAE45CE7D}.Debug|Any CPU.ActiveCfg = Debug|Any CPU
		{C66883CA-E626-4163-B4F6-228FAE45CE7D}.Debug|Any CPU.Build.0 = Debug|Any CPU
		{C66883CA-E626-4163-B4F6-228FAE45CE7D}.Debug|x64.ActiveCfg = Debug|Any CPU
		{C66883CA-E626-4163-B4F6-228FAE45CE7D}.Debug|x64.Build.0 = Debug|Any CPU
		{C66883CA-E626-4163-B4F6-228FAE45CE7D}.Debug|x86.ActiveCfg = Debug|Any CPU
		{C66883CA-E626-4163-B4F6-228FAE45CE7D}.Debug|x86.Build.0 = Debug|Any CPU
		{C66883CA-E626-4163-B4F6-228FAE45CE7D}.Release|Any CPU.ActiveCfg = Release|Any CPU
		{C66883CA-E626-4163-B4F6-228FAE45CE7D}.Release|Any CPU.Build.0 = Release|Any CPU
		{C66883CA-E626-4163-B4F6-228FAE45CE7D}.Release|x64.ActiveCfg = Release|Any CPU
		{C66883CA-E626-4163-B4F6-228FAE45CE7D}.Release|x64.Build.0 = Release|Any CPU
		{C66883CA-E626-4163-B4F6-228FAE45CE7D}.Release|x86.ActiveCfg = Release|Any CPU
		{C66883CA-E626-4163-B4F6-228FAE45CE7D}.Release|x86.Build.0 = Release|Any CPU
		{38C1D455-9706-4E65-9761-2C1F395F3DF8}.Debug|Any CPU.ActiveCfg = Debug|Any CPU
		{38C1D455-9706-4E65-9761-2C1F395F3DF8}.Debug|Any CPU.Build.0 = Debug|Any CPU
		{38C1D455-9706-4E65-9761-2C1F395F3DF8}.Debug|x64.ActiveCfg = Debug|Any CPU
		{38C1D455-9706-4E65-9761-2C1F395F3DF8}.Debug|x64.Build.0 = Debug|Any CPU
		{38C1D455-9706-4E65-9761-2C1F395F3DF8}.Debug|x86.ActiveCfg = Debug|Any CPU
		{38C1D455-9706-4E65-9761-2C1F395F3DF8}.Debug|x86.Build.0 = Debug|Any CPU
		{38C1D455-9706-4E65-9761-2C1F395F3DF8}.Release|Any CPU.ActiveCfg = Release|Any CPU
		{38C1D455-9706-4E65-9761-2C1F395F3DF8}.Release|Any CPU.Build.0 = Release|Any CPU
		{38C1D455-9706-4E65-9761-2C1F395F3DF8}.Release|x64.ActiveCfg = Release|Any CPU
		{38C1D455-9706-4E65-9761-2C1F395F3DF8}.Release|x64.Build.0 = Release|Any CPU
		{38C1D455-9706-4E65-9761-2C1F395F3DF8}.Release|x86.ActiveCfg = Release|Any CPU
		{38C1D455-9706-4E65-9761-2C1F395F3DF8}.Release|x86.Build.0 = Release|Any CPU
		{8D0A95A3-D9FA-4270-AD9E-4001A1E75483}.Debug|Any CPU.ActiveCfg = Debug|Any CPU
		{8D0A95A3-D9FA-4270-AD9E-4001A1E75483}.Debug|Any CPU.Build.0 = Debug|Any CPU
		{8D0A95A3-D9FA-4270-AD9E-4001A1E75483}.Debug|x64.ActiveCfg = Debug|Any CPU
		{8D0A95A3-D9FA-4270-AD9E-4001A1E75483}.Debug|x64.Build.0 = Debug|Any CPU
		{8D0A95A3-D9FA-4270-AD9E-4001A1E75483}.Debug|x86.ActiveCfg = Debug|Any CPU
		{8D0A95A3-D9FA-4270-AD9E-4001A1E75483}.Debug|x86.Build.0 = Debug|Any CPU
		{8D0A95A3-D9FA-4270-AD9E-4001A1E75483}.Release|Any CPU.ActiveCfg = Release|Any CPU
		{8D0A95A3-D9FA-4270-AD9E-4001A1E75483}.Release|Any CPU.Build.0 = Release|Any CPU
		{8D0A95A3-D9FA-4270-AD9E-4001A1E75483}.Release|x64.ActiveCfg = Release|Any CPU
		{8D0A95A3-D9FA-4270-AD9E-4001A1E75483}.Release|x64.Build.0 = Release|Any CPU
		{8D0A95A3-D9FA-4270-AD9E-4001A1E75483}.Release|x86.ActiveCfg = Release|Any CPU
		{8D0A95A3-D9FA-4270-AD9E-4001A1E75483}.Release|x86.Build.0 = Release|Any CPU
		{A8E8EDCB-991E-4F78-B7FF-6DBC77AF2E8F}.Debug|Any CPU.ActiveCfg = Debug|Any CPU
		{A8E8EDCB-991E-4F78-B7FF-6DBC77AF2E8F}.Debug|Any CPU.Build.0 = Debug|Any CPU
		{A8E8EDCB-991E-4F78-B7FF-6DBC77AF2E8F}.Debug|x64.ActiveCfg = Debug|Any CPU
		{A8E8EDCB-991E-4F78-B7FF-6DBC77AF2E8F}.Debug|x64.Build.0 = Debug|Any CPU
		{A8E8EDCB-991E-4F78-B7FF-6DBC77AF2E8F}.Debug|x86.ActiveCfg = Debug|Any CPU
		{A8E8EDCB-991E-4F78-B7FF-6DBC77AF2E8F}.Debug|x86.Build.0 = Debug|Any CPU
		{A8E8EDCB-991E-4F78-B7FF-6DBC77AF2E8F}.Release|Any CPU.ActiveCfg = Release|Any CPU
		{A8E8EDCB-991E-4F78-B7FF-6DBC77AF2E8F}.Release|Any CPU.Build.0 = Release|Any CPU
		{A8E8EDCB-991E-4F78-B7FF-6DBC77AF2E8F}.Release|x64.ActiveCfg = Release|Any CPU
		{A8E8EDCB-991E-4F78-B7FF-6DBC77AF2E8F}.Release|x64.Build.0 = Release|Any CPU
		{A8E8EDCB-991E-4F78-B7FF-6DBC77AF2E8F}.Release|x86.ActiveCfg = Release|Any CPU
		{A8E8EDCB-991E-4F78-B7FF-6DBC77AF2E8F}.Release|x86.Build.0 = Release|Any CPU
		{32744DF7-8AF9-4006-A490-5099C35518D0}.Debug|Any CPU.ActiveCfg = Debug|Any CPU
		{32744DF7-8AF9-4006-A490-5099C35518D0}.Debug|Any CPU.Build.0 = Debug|Any CPU
		{32744DF7-8AF9-4006-A490-5099C35518D0}.Debug|x64.ActiveCfg = Debug|Any CPU
		{32744DF7-8AF9-4006-A490-5099C35518D0}.Debug|x64.Build.0 = Debug|Any CPU
		{32744DF7-8AF9-4006-A490-5099C35518D0}.Debug|x86.ActiveCfg = Debug|Any CPU
		{32744DF7-8AF9-4006-A490-5099C35518D0}.Debug|x86.Build.0 = Debug|Any CPU
		{32744DF7-8AF9-4006-A490-5099C35518D0}.Release|Any CPU.ActiveCfg = Release|Any CPU
		{32744DF7-8AF9-4006-A490-5099C35518D0}.Release|Any CPU.Build.0 = Release|Any CPU
		{32744DF7-8AF9-4006-A490-5099C35518D0}.Release|x64.ActiveCfg = Release|Any CPU
		{32744DF7-8AF9-4006-A490-5099C35518D0}.Release|x64.Build.0 = Release|Any CPU
		{32744DF7-8AF9-4006-A490-5099C35518D0}.Release|x86.ActiveCfg = Release|Any CPU
		{32744DF7-8AF9-4006-A490-5099C35518D0}.Release|x86.Build.0 = Release|Any CPU
		{1C46B176-681F-4792-8850-1E088CA6D836}.Debug|Any CPU.ActiveCfg = Debug|Any CPU
		{1C46B176-681F-4792-8850-1E088CA6D836}.Debug|Any CPU.Build.0 = Debug|Any CPU
		{1C46B176-681F-4792-8850-1E088CA6D836}.Debug|x64.ActiveCfg = Debug|Any CPU
		{1C46B176-681F-4792-8850-1E088CA6D836}.Debug|x64.Build.0 = Debug|Any CPU
		{1C46B176-681F-4792-8850-1E088CA6D836}.Debug|x86.ActiveCfg = Debug|Any CPU
		{1C46B176-681F-4792-8850-1E088CA6D836}.Debug|x86.Build.0 = Debug|Any CPU
		{1C46B176-681F-4792-8850-1E088CA6D836}.Release|Any CPU.ActiveCfg = Release|Any CPU
		{1C46B176-681F-4792-8850-1E088CA6D836}.Release|Any CPU.Build.0 = Release|Any CPU
		{1C46B176-681F-4792-8850-1E088CA6D836}.Release|x64.ActiveCfg = Release|Any CPU
		{1C46B176-681F-4792-8850-1E088CA6D836}.Release|x64.Build.0 = Release|Any CPU
		{1C46B176-681F-4792-8850-1E088CA6D836}.Release|x86.ActiveCfg = Release|Any CPU
		{1C46B176-681F-4792-8850-1E088CA6D836}.Release|x86.Build.0 = Release|Any CPU
		{69E278A2-FCCE-47C1-8E57-325C802F64EB}.Debug|Any CPU.ActiveCfg = Debug|Any CPU
		{69E278A2-FCCE-47C1-8E57-325C802F64EB}.Debug|Any CPU.Build.0 = Debug|Any CPU
		{69E278A2-FCCE-47C1-8E57-325C802F64EB}.Debug|x64.ActiveCfg = Debug|Any CPU
		{69E278A2-FCCE-47C1-8E57-325C802F64EB}.Debug|x64.Build.0 = Debug|Any CPU
		{69E278A2-FCCE-47C1-8E57-325C802F64EB}.Debug|x86.ActiveCfg = Debug|Any CPU
		{69E278A2-FCCE-47C1-8E57-325C802F64EB}.Debug|x86.Build.0 = Debug|Any CPU
		{69E278A2-FCCE-47C1-8E57-325C802F64EB}.Release|Any CPU.ActiveCfg = Release|Any CPU
		{69E278A2-FCCE-47C1-8E57-325C802F64EB}.Release|Any CPU.Build.0 = Release|Any CPU
		{69E278A2-FCCE-47C1-8E57-325C802F64EB}.Release|x64.ActiveCfg = Release|Any CPU
		{69E278A2-FCCE-47C1-8E57-325C802F64EB}.Release|x64.Build.0 = Release|Any CPU
		{69E278A2-FCCE-47C1-8E57-325C802F64EB}.Release|x86.ActiveCfg = Release|Any CPU
		{69E278A2-FCCE-47C1-8E57-325C802F64EB}.Release|x86.Build.0 = Release|Any CPU
		{D9D78C49-C805-418C-BE7B-5D6A55ABB5C6}.Debug|Any CPU.ActiveCfg = Debug|Any CPU
		{D9D78C49-C805-418C-BE7B-5D6A55ABB5C6}.Debug|Any CPU.Build.0 = Debug|Any CPU
		{D9D78C49-C805-418C-BE7B-5D6A55ABB5C6}.Debug|x64.ActiveCfg = Debug|Any CPU
		{D9D78C49-C805-418C-BE7B-5D6A55ABB5C6}.Debug|x64.Build.0 = Debug|Any CPU
		{D9D78C49-C805-418C-BE7B-5D6A55ABB5C6}.Debug|x86.ActiveCfg = Debug|Any CPU
		{D9D78C49-C805-418C-BE7B-5D6A55ABB5C6}.Debug|x86.Build.0 = Debug|Any CPU
		{D9D78C49-C805-418C-BE7B-5D6A55ABB5C6}.Release|Any CPU.ActiveCfg = Release|Any CPU
		{D9D78C49-C805-418C-BE7B-5D6A55ABB5C6}.Release|Any CPU.Build.0 = Release|Any CPU
		{D9D78C49-C805-418C-BE7B-5D6A55ABB5C6}.Release|x64.ActiveCfg = Release|Any CPU
		{D9D78C49-C805-418C-BE7B-5D6A55ABB5C6}.Release|x64.Build.0 = Release|Any CPU
		{D9D78C49-C805-418C-BE7B-5D6A55ABB5C6}.Release|x86.ActiveCfg = Release|Any CPU
		{D9D78C49-C805-418C-BE7B-5D6A55ABB5C6}.Release|x86.Build.0 = Release|Any CPU
		{B828D7EB-7A24-4CA7-8DFF-6774891B5BC5}.Debug|Any CPU.ActiveCfg = Debug|Any CPU
		{B828D7EB-7A24-4CA7-8DFF-6774891B5BC5}.Debug|Any CPU.Build.0 = Debug|Any CPU
		{B828D7EB-7A24-4CA7-8DFF-6774891B5BC5}.Debug|x64.ActiveCfg = Debug|Any CPU
		{B828D7EB-7A24-4CA7-8DFF-6774891B5BC5}.Debug|x64.Build.0 = Debug|Any CPU
		{B828D7EB-7A24-4CA7-8DFF-6774891B5BC5}.Debug|x86.ActiveCfg = Debug|Any CPU
		{B828D7EB-7A24-4CA7-8DFF-6774891B5BC5}.Debug|x86.Build.0 = Debug|Any CPU
		{B828D7EB-7A24-4CA7-8DFF-6774891B5BC5}.Release|Any CPU.ActiveCfg = Release|Any CPU
		{B828D7EB-7A24-4CA7-8DFF-6774891B5BC5}.Release|Any CPU.Build.0 = Release|Any CPU
		{B828D7EB-7A24-4CA7-8DFF-6774891B5BC5}.Release|x64.ActiveCfg = Release|Any CPU
		{B828D7EB-7A24-4CA7-8DFF-6774891B5BC5}.Release|x64.Build.0 = Release|Any CPU
		{B828D7EB-7A24-4CA7-8DFF-6774891B5BC5}.Release|x86.ActiveCfg = Release|Any CPU
		{B828D7EB-7A24-4CA7-8DFF-6774891B5BC5}.Release|x86.Build.0 = Release|Any CPU
	EndGlobalSection
	GlobalSection(SolutionProperties) = preSolution
		HideSolutionNode = FALSE
	EndGlobalSection
EndGlobal
